
Microsoft Visual Studio Solution File, Format Version 12.00
# Visual Studio Version 17
VisualStudioVersion = 17.8.34408.163
MinimumVisualStudioVersion = 10.0.40219.1
Project("{FAE04EC0-301F-11D3-BF4B-00C04F79EFBC}") = "Mission2", "Mission2.csproj", "{91D0BDEC-2EE0-4E57-9720-2FB61DBE26C8}"
EndProject
Global
	GlobalSection(SolutionConfigurationPlatforms) = preSolution
		Debug|Any CPU = Debug|Any CPU
		Release|Any CPU = Release|Any CPU
	EndGlobalSection
	GlobalSection(ProjectConfigurationPlatforms) = postSolution
		{91D0BDEC-2EE0-4E57-9720-2FB61DBE26C8}.Debug|Any CPU.ActiveCfg = Debug|Any CPU
		{91D0BDEC-2EE0-4E57-9720-2FB61DBE26C8}.Debug|Any CPU.Build.0 = Debug|Any CPU
		{91D0BDEC-2EE0-4E57-9720-2FB61DBE26C8}.Release|Any CPU.ActiveCfg = Release|Any CPU
		{91D0BDEC-2EE0-4E57-9720-2FB61DBE26C8}.Release|Any CPU.Build.0 = Release|Any CPU
	EndGlobalSection
	GlobalSection(SolutionProperties) = preSolution
		HideSolutionNode = FALSE
	EndGlobalSection
	GlobalSection(ExtensibilityGlobals) = postSolution
		SolutionGuid = {39E2359A-1E77-4428-9477-75E8FBC5ED6C}
	EndGlobalSection
EndGlobal
